
Microsoft Visual Studio Solution File, Format Version 12.00
# Visual Studio Version 17
VisualStudioVersion = 17.2.32526.322
MinimumVisualStudioVersion = 10.0.40219.1
Project("{FAE04EC0-301F-11D3-BF4B-00C04F79EFBC}") = "searchBar", "searchBar\searchBar.csproj", "{F7B4B9CF-D769-4F5E-96E7-777F56A17C85}"
EndProject
Global
	GlobalSection(SolutionConfigurationPlatforms) = preSolution
		Debug|Any CPU = Debug|Any CPU
		Release|Any CPU = Release|Any CPU
	EndGlobalSection
	GlobalSection(ProjectConfigurationPlatforms) = postSolution
		{F7B4B9CF-D769-4F5E-96E7-777F56A17C85}.Debug|Any CPU.ActiveCfg = Debug|Any CPU
		{F7B4B9CF-D769-4F5E-96E7-777F56A17C85}.Debug|Any CPU.Build.0 = Debug|Any CPU
		{F7B4B9CF-D769-4F5E-96E7-777F56A17C85}.Release|Any CPU.ActiveCfg = Release|Any CPU
		{F7B4B9CF-D769-4F5E-96E7-777F56A17C85}.Release|Any CPU.Build.0 = Release|Any CPU
	EndGlobalSection
	GlobalSection(SolutionProperties) = preSolution
		HideSolutionNode = FALSE
	EndGlobalSection
	GlobalSection(ExtensibilityGlobals) = postSolution
		SolutionGuid = {C631178A-77F7-405A-AE42-408F343995DA}
	EndGlobalSection
EndGlobal
